
Microsoft Visual Studio Solution File, Format Version 12.00
# Visual Studio Version 16
VisualStudioVersion = 16.0.31402.337
MinimumVisualStudioVersion = 10.0.40219.1
Project("{FAE04EC0-301F-11D3-BF4B-00C04F79EFBC}") = "SwinAdvGUI", "SwinAdvGUI.csproj", "{B71C2228-2841-478B-937C-745DED10813E}"
EndProject
Global
	GlobalSection(SolutionConfigurationPlatforms) = preSolution
		Debug|Any CPU = Debug|Any CPU
		Release|Any CPU = Release|Any CPU
	EndGlobalSection
	GlobalSection(ProjectConfigurationPlatforms) = postSolution
		{B71C2228-2841-478B-937C-745DED10813E}.Debug|Any CPU.ActiveCfg = Debug|Any CPU
		{B71C2228-2841-478B-937C-745DED10813E}.Debug|Any CPU.Build.0 = Debug|Any CPU
		{B71C2228-2841-478B-937C-745DED10813E}.Release|Any CPU.ActiveCfg = Release|Any CPU
		{B71C2228-2841-478B-937C-745DED10813E}.Release|Any CPU.Build.0 = Release|Any CPU
	EndGlobalSection
	GlobalSection(SolutionProperties) = preSolution
		HideSolutionNode = FALSE
	EndGlobalSection
	GlobalSection(ExtensibilityGlobals) = postSolution
		SolutionGuid = {A178FCFE-B620-4DAE-994C-0A925285452D}
	EndGlobalSection
EndGlobal
